
Microsoft Visual Studio Solution File, Format Version 12.00
# Visual Studio Version 17
VisualStudioVersion = 17.0.31903.59
MinimumVisualStudioVersion = 10.0.40219.1
Project("{FAE04EC0-301F-11D3-BF4B-00C04F79EFBC}") = "GamebudsAPI", "GamebudsAPI\GamebudsAPI.csproj", "{E3ADE6A4-1EB7-44E7-9F9E-FBCB993F523C}"
EndProject
Global
	GlobalSection(SolutionConfigurationPlatforms) = preSolution
		Debug|Any CPU = Debug|Any CPU
		Debug|x64 = Debug|x64
		Debug|x86 = Debug|x86
		Release|Any CPU = Release|Any CPU
		Release|x64 = Release|x64
		Release|x86 = Release|x86
	EndGlobalSection
	GlobalSection(ProjectConfigurationPlatforms) = postSolution
		{E3ADE6A4-1EB7-44E7-9F9E-FBCB993F523C}.Debug|Any CPU.ActiveCfg = Debug|Any CPU
		{E3ADE6A4-1EB7-44E7-9F9E-FBCB993F523C}.Debug|Any CPU.Build.0 = Debug|Any CPU
		{E3ADE6A4-1EB7-44E7-9F9E-FBCB993F523C}.Debug|x64.ActiveCfg = Debug|Any CPU
		{E3ADE6A4-1EB7-44E7-9F9E-FBCB993F523C}.Debug|x64.Build.0 = Debug|Any CPU
		{E3ADE6A4-1EB7-44E7-9F9E-FBCB993F523C}.Debug|x86.ActiveCfg = Debug|Any CPU
		{E3ADE6A4-1EB7-44E7-9F9E-FBCB993F523C}.Debug|x86.Build.0 = Debug|Any CPU
		{E3ADE6A4-1EB7-44E7-9F9E-FBCB993F523C}.Release|Any CPU.ActiveCfg = Release|Any CPU
		{E3ADE6A4-1EB7-44E7-9F9E-FBCB993F523C}.Release|Any CPU.Build.0 = Release|Any CPU
		{E3ADE6A4-1EB7-44E7-9F9E-FBCB993F523C}.Release|x64.ActiveCfg = Release|Any CPU
		{E3ADE6A4-1EB7-44E7-9F9E-FBCB993F523C}.Release|x64.Build.0 = Release|Any CPU
		{E3ADE6A4-1EB7-44E7-9F9E-FBCB993F523C}.Release|x86.ActiveCfg = Release|Any CPU
		{E3ADE6A4-1EB7-44E7-9F9E-FBCB993F523C}.Release|x86.Build.0 = Release|Any CPU
	EndGlobalSection
	GlobalSection(SolutionProperties) = preSolution
		HideSolutionNode = FALSE
	EndGlobalSection
EndGlobal
